{
  "name": "@careevolution/fhir-diff",
  "version": "0.0.0-hackathon001",
  "lockfileVersion": 3,
  "requires": true,
  "packages": {
    "": {
      "name": "@careevolution/fhir-diff",
      "version": "0.0.0-hackathon001",
      "license": "ISC",
      "dependencies": {
        "@types/fhir": "^0.0.41"
      },
      "devDependencies": {
        "typescript": "^5.4.5"
      }
    },
    "node_modules/@types/fhir": {
      "version": "0.0.41",
      "resolved": "https://proget.careevolution.com/npm/npm/%40types/fhir/-/fhir-0.0.41.tgz",
      "integrity": "sha512-MAQAFufNZBZ6V0F94Nhknmmh/E3iMXFK4n/L8RkSNjKtOJnvaAJERivNOj35VVx9VCQBJbE0BHSzikfBahoRhA==",
      "license": "MIT"
    },
    "node_modules/typescript": {
      "version": "5.4.5",
      "resolved": "https://registry.npmjs.org/typescript/-/typescript-5.4.5.tgz",
      "integrity": "sha512-vcI4UpRgg81oIRUFwR0WSIHKt11nJ7SAVlYNIu+QpqeyXP+gpQJy/Z4+F0aGxSE4MqwjyXvW/TzgkLAx2AGHwQ==",
      "dev": true,
      "bin": {
        "tsc": "bin/tsc",
        "tsserver": "bin/tsserver"
      },
      "engines": {
        "node": ">=14.17"
      }
    }
  }
}
